
Microsoft Visual Studio Solution File, Format Version 12.00
# Visual Studio Version 16
VisualStudioVersion = 16.0.30804.86
MinimumVisualStudioVersion = 10.0.40219.1
Project("{2150E333-8FDC-42A3-9474-1A3956D46DE8}") = "src", "src", "{034DD64B-0151-4A70-8DB1-B2FF74DB7D16}"
EndProject
Project("{9A19103F-16F7-4668-BE54-9A1E7A4F7556}") = "IntroEfCore.Web", "IntroEfCore.Web\IntroEfCore.Web.csproj", "{E7D040F4-9F09-4595-80EE-747135D79964}"
EndProject
Project("{2150E333-8FDC-42A3-9474-1A3956D46DE8}") = "scripts", "scripts", "{B511644C-E382-4851-A4EC-AC385568A21D}"
	ProjectSection(SolutionItems) = preProject
		FlightControl.sql = FlightControl.sql
		scripts\FlightControl.sql = scripts\FlightControl.sql
	EndProjectSection
EndProject
Global
	GlobalSection(SolutionConfigurationPlatforms) = preSolution
		Debug|Any CPU = Debug|Any CPU
		Release|Any CPU = Release|Any CPU
	EndGlobalSection
	GlobalSection(ProjectConfigurationPlatforms) = postSolution
		{E7D040F4-9F09-4595-80EE-747135D79964}.Debug|Any CPU.ActiveCfg = Debug|Any CPU
		{E7D040F4-9F09-4595-80EE-747135D79964}.Debug|Any CPU.Build.0 = Debug|Any CPU
		{E7D040F4-9F09-4595-80EE-747135D79964}.Release|Any CPU.ActiveCfg = Release|Any CPU
		{E7D040F4-9F09-4595-80EE-747135D79964}.Release|Any CPU.Build.0 = Release|Any CPU
	EndGlobalSection
	GlobalSection(SolutionProperties) = preSolution
		HideSolutionNode = FALSE
	EndGlobalSection
	GlobalSection(NestedProjects) = preSolution
		{E7D040F4-9F09-4595-80EE-747135D79964} = {034DD64B-0151-4A70-8DB1-B2FF74DB7D16}
	EndGlobalSection
	GlobalSection(ExtensibilityGlobals) = postSolution
		SolutionGuid = {66E1AF4E-1BAE-4CA7-B70C-6A0554492B1B}
	EndGlobalSection
EndGlobal
